
Microsoft Visual Studio Solution File, Format Version 12.00
# Visual Studio Version 17
VisualStudioVersion = 17.8.34408.163
MinimumVisualStudioVersion = 10.0.40219.1
Project("{FAE04EC0-301F-11D3-BF4B-00C04F79EFBC}") = "AnimalInheritance", "AnimalInheritance.csproj", "{6C91182F-23CB-426C-B2BA-A63F4D3EDEF8}"
EndProject
Global
	GlobalSection(SolutionConfigurationPlatforms) = preSolution
		Debug|Any CPU = Debug|Any CPU
		Release|Any CPU = Release|Any CPU
	EndGlobalSection
	GlobalSection(ProjectConfigurationPlatforms) = postSolution
		{6C91182F-23CB-426C-B2BA-A63F4D3EDEF8}.Debug|Any CPU.ActiveCfg = Debug|Any CPU
		{6C91182F-23CB-426C-B2BA-A63F4D3EDEF8}.Debug|Any CPU.Build.0 = Debug|Any CPU
		{6C91182F-23CB-426C-B2BA-A63F4D3EDEF8}.Release|Any CPU.ActiveCfg = Release|Any CPU
		{6C91182F-23CB-426C-B2BA-A63F4D3EDEF8}.Release|Any CPU.Build.0 = Release|Any CPU
	EndGlobalSection
	GlobalSection(SolutionProperties) = preSolution
		HideSolutionNode = FALSE
	EndGlobalSection
	GlobalSection(ExtensibilityGlobals) = postSolution
		SolutionGuid = {9F0779DF-0C66-4869-B74B-E5B8454EB422}
	EndGlobalSection
EndGlobal
